// !$*UTF8*$!
{
	archiveVersion = 1;
	classes = {
	};
	objectVersion = 55;
	objects = {

/* Begin PBXBuildFile section */
		2CDFAFB1A76B54D8A2C94460 /* Pods_insta.framework in Frameworks */ = {isa = PBXBuildFile; fileRef = 666B1F2B1625371DB5C4213A /* Pods_insta.framework */; };
		44A1EA4D2721EFBF0076EC1C /* IGPostFeedTableViewCell.swift in Sources */ = {isa = PBXBuildFile; fileRef = 44A1EA4C2721EFBF0076EC1C /* IGPostFeedTableViewCell.swift */; };
		44A1EA52272205980076EC1C /* IGFeedPostActionsTableViewCell.swift in Sources */ = {isa = PBXBuildFile; fileRef = 44A1EA51272205980076EC1C /* IGFeedPostActionsTableViewCell.swift */; };
		44A1EA54272205B20076EC1C /* IGFeedPostGeneralTableViewCell.swift in Sources */ = {isa = PBXBuildFile; fileRef = 44A1EA53272205B20076EC1C /* IGFeedPostGeneralTableViewCell.swift */; };
		44A1EA56272300640076EC1C /* FormTableViewCell.swift in Sources */ = {isa = PBXBuildFile; fileRef = 44A1EA55272300640076EC1C /* FormTableViewCell.swift */; };
		44A1EA5927230F990076EC1C /* PhotoCollectionViewCell.swift in Sources */ = {isa = PBXBuildFile; fileRef = 44A1EA5827230F990076EC1C /* PhotoCollectionViewCell.swift */; };
		44A1EA5B272310000076EC1C /* ProfileInfoHeaderCollectionReusableView.swift in Sources */ = {isa = PBXBuildFile; fileRef = 44A1EA5A272310000076EC1C /* ProfileInfoHeaderCollectionReusableView.swift */; };
		44A1EA5D272310770076EC1C /* ProfileTabsCollectionReusableView.swift in Sources */ = {isa = PBXBuildFile; fileRef = 44A1EA5C272310770076EC1C /* ProfileTabsCollectionReusableView.swift */; };
		44A1EA5F27234E650076EC1C /* Models.swift in Sources */ = {isa = PBXBuildFile; fileRef = 44A1EA5E27234E650076EC1C /* Models.swift */; };
		44A1EA6127247FA90076EC1C /* UserFollowTableViewCell.swift in Sources */ = {isa = PBXBuildFile; fileRef = 44A1EA6027247FA90076EC1C /* UserFollowTableViewCell.swift */; };
		44A1EA632724C1710076EC1C /* NotificationsView.swift in Sources */ = {isa = PBXBuildFile; fileRef = 44A1EA622724C1710076EC1C /* NotificationsView.swift */; };
		44A1EA662724CB110076EC1C /* NotificationsFollowEventTableViewCell.swift in Sources */ = {isa = PBXBuildFile; fileRef = 44A1EA652724CB110076EC1C /* NotificationsFollowEventTableViewCell.swift */; };
		44A1EA682724CB5F0076EC1C /* NotificationLikeEventTableViewCell.swift in Sources */ = {isa = PBXBuildFile; fileRef = 44A1EA672724CB5F0076EC1C /* NotificationLikeEventTableViewCell.swift */; };
		44A1EA6A2731A7030076EC1C /* IGFeedPostHeaderTableViewCell.swift in Sources */ = {isa = PBXBuildFile; fileRef = 44A1EA692731A7030076EC1C /* IGFeedPostHeaderTableViewCell.swift */; };
		44F2E6B327204E1B00E43C80 /* AppDelegate.swift in Sources */ = {isa = PBXBuildFile; fileRef = 44F2E6B227204E1B00E43C80 /* AppDelegate.swift */; };
		44F2E6B527204E1B00E43C80 /* SceneDelegate.swift in Sources */ = {isa = PBXBuildFile; fileRef = 44F2E6B427204E1B00E43C80 /* SceneDelegate.swift */; };
		44F2E6B727204E1B00E43C80 /* HomeViewController.swift in Sources */ = {isa = PBXBuildFile; fileRef = 44F2E6B627204E1B00E43C80 /* HomeViewController.swift */; };
		44F2E6BA27204E1B00E43C80 /* Main.storyboard in Resources */ = {isa = PBXBuildFile; fileRef = 44F2E6B827204E1B00E43C80 /* Main.storyboard */; };
		44F2E6BC27204E1F00E43C80 /* Assets.xcassets in Resources */ = {isa = PBXBuildFile; fileRef = 44F2E6BB27204E1F00E43C80 /* Assets.xcassets */; };
		44F2E6BF27204E1F00E43C80 /* LaunchScreen.storyboard in Resources */ = {isa = PBXBuildFile; fileRef = 44F2E6BD27204E1F00E43C80 /* LaunchScreen.storyboard */; };
		44F2E6CC272053E400E43C80 /* ExploreViewController.swift in Sources */ = {isa = PBXBuildFile; fileRef = 44F2E6CB272053E400E43C80 /* ExploreViewController.swift */; };
		44F2E6CE272053F700E43C80 /* CameraViewController.swift in Sources */ = {isa = PBXBuildFile; fileRef = 44F2E6CD272053F700E43C80 /* CameraViewController.swift */; };
		44F2E6D02720540600E43C80 /* NotificationViewController.swift in Sources */ = {isa = PBXBuildFile; fileRef = 44F2E6CF2720540600E43C80 /* NotificationViewController.swift */; };
		44F2E6D22720541000E43C80 /* ProfileViewController.swift in Sources */ = {isa = PBXBuildFile; fileRef = 44F2E6D12720541000E43C80 /* ProfileViewController.swift */; };
		44F2E6D4272055C900E43C80 /* GoogleService-Info.plist in Resources */ = {isa = PBXBuildFile; fileRef = 44F2E6D3272055C900E43C80 /* GoogleService-Info.plist */; };
		44F2E6D72720609500E43C80 /* LoginViewController.swift in Sources */ = {isa = PBXBuildFile; fileRef = 44F2E6D62720609500E43C80 /* LoginViewController.swift */; };
		44F2E6D9272060B000E43C80 /* RegistrationViewController.swift in Sources */ = {isa = PBXBuildFile; fileRef = 44F2E6D8272060B000E43C80 /* RegistrationViewController.swift */; };
		44F2E6DC2720610200E43C80 /* EditProfileViewController.swift in Sources */ = {isa = PBXBuildFile; fileRef = 44F2E6DB2720610200E43C80 /* EditProfileViewController.swift */; };
		44F2E6DE2720610F00E43C80 /* ListViewController.swift in Sources */ = {isa = PBXBuildFile; fileRef = 44F2E6DD2720610F00E43C80 /* ListViewController.swift */; };
		44F2E6E02720612800E43C80 /* PostEditViewController.swift in Sources */ = {isa = PBXBuildFile; fileRef = 44F2E6DF2720612800E43C80 /* PostEditViewController.swift */; };
		44F2E6E22720614200E43C80 /* PostViewController.swift in Sources */ = {isa = PBXBuildFile; fileRef = 44F2E6E12720614200E43C80 /* PostViewController.swift */; };
		44F2E6E42720617400E43C80 /* PublishedViewController.swift in Sources */ = {isa = PBXBuildFile; fileRef = 44F2E6E32720617400E43C80 /* PublishedViewController.swift */; };
		44F2E6E62720618500E43C80 /* SearchResultViewController.swift in Sources */ = {isa = PBXBuildFile; fileRef = 44F2E6E52720618500E43C80 /* SearchResultViewController.swift */; };
		44F2E6E82720619200E43C80 /* SearchViewController.swift in Sources */ = {isa = PBXBuildFile; fileRef = 44F2E6E72720619200E43C80 /* SearchViewController.swift */; };
		44F2E6EA2720619C00E43C80 /* SettingsViewController.swift in Sources */ = {isa = PBXBuildFile; fileRef = 44F2E6E92720619C00E43C80 /* SettingsViewController.swift */; };
		44F2E6F2272062AE00E43C80 /* DatabaseManager.swift in Sources */ = {isa = PBXBuildFile; fileRef = 44F2E6F1272062AE00E43C80 /* DatabaseManager.swift */; };
		44F2E6F4272062BF00E43C80 /* StorageManager.swift in Sources */ = {isa = PBXBuildFile; fileRef = 44F2E6F3272062BF00E43C80 /* StorageManager.swift */; };
		44F2E6F6272062CC00E43C80 /* AuthManager.swift in Sources */ = {isa = PBXBuildFile; fileRef = 44F2E6F5272062CC00E43C80 /* AuthManager.swift */; };
		44F2E6F8272062D700E43C80 /* Extensions.swift in Sources */ = {isa = PBXBuildFile; fileRef = 44F2E6F7272062D700E43C80 /* Extensions.swift */; };
		44F2E6FA2720AA3500E43C80 /* SettingViewController.swift in Sources */ = {isa = PBXBuildFile; fileRef = 44F2E6F92720AA3400E43C80 /* SettingViewController.swift */; };
/* End PBXBuildFile section */

/* Begin PBXFileReference section */
		44A1EA4C2721EFBF0076EC1C /* IGPostFeedTableViewCell.swift */ = {isa = PBXFileReference; lastKnownFileType = sourcecode.swift; path = IGPostFeedTableViewCell.swift; sourceTree = "<group>"; };
		44A1EA51272205980076EC1C /* IGFeedPostActionsTableViewCell.swift */ = {isa = PBXFileReference; lastKnownFileType = sourcecode.swift; path = IGFeedPostActionsTableViewCell.swift; sourceTree = "<group>"; };
		44A1EA53272205B20076EC1C /* IGFeedPostGeneralTableViewCell.swift */ = {isa = PBXFileReference; lastKnownFileType = sourcecode.swift; path = IGFeedPostGeneralTableViewCell.swift; sourceTree = "<group>"; };
		44A1EA55272300640076EC1C /* FormTableViewCell.swift */ = {isa = PBXFileReference; lastKnownFileType = sourcecode.swift; path = FormTableViewCell.swift; sourceTree = "<group>"; };
		44A1EA5827230F990076EC1C /* PhotoCollectionViewCell.swift */ = {isa = PBXFileReference; lastKnownFileType = sourcecode.swift; path = PhotoCollectionViewCell.swift; sourceTree = "<group>"; };
		44A1EA5A272310000076EC1C /* ProfileInfoHeaderCollectionReusableView.swift */ = {isa = PBXFileReference; lastKnownFileType = sourcecode.swift; path = ProfileInfoHeaderCollectionReusableView.swift; sourceTree = "<group>"; };
		44A1EA5C272310770076EC1C /* ProfileTabsCollectionReusableView.swift */ = {isa = PBXFileReference; lastKnownFileType = sourcecode.swift; path = ProfileTabsCollectionReusableView.swift; sourceTree = "<group>"; };
		44A1EA5E27234E650076EC1C /* Models.swift */ = {isa = PBXFileReference; lastKnownFileType = sourcecode.swift; path = Models.swift; sourceTree = "<group>"; };
		44A1EA6027247FA90076EC1C /* UserFollowTableViewCell.swift */ = {isa = PBXFileReference; lastKnownFileType = sourcecode.swift; path = UserFollowTableViewCell.swift; sourceTree = "<group>"; };
		44A1EA622724C1710076EC1C /* NotificationsView.swift */ = {isa = PBXFileReference; lastKnownFileType = sourcecode.swift; path = NotificationsView.swift; sourceTree = "<group>"; };
		44A1EA652724CB110076EC1C /* NotificationsFollowEventTableViewCell.swift */ = {isa = PBXFileReference; lastKnownFileType = sourcecode.swift; path = NotificationsFollowEventTableViewCell.swift; sourceTree = "<group>"; };
		44A1EA672724CB5F0076EC1C /* NotificationLikeEventTableViewCell.swift */ = {isa = PBXFileReference; lastKnownFileType = sourcecode.swift; path = NotificationLikeEventTableViewCell.swift; sourceTree = "<group>"; };
		44A1EA692731A7030076EC1C /* IGFeedPostHeaderTableViewCell.swift */ = {isa = PBXFileReference; lastKnownFileType = sourcecode.swift; path = IGFeedPostHeaderTableViewCell.swift; sourceTree = "<group>"; };
		44F2E6AF27204E1B00E43C80 /* insta.app */ = {isa = PBXFileReference; explicitFileType = wrapper.application; includeInIndex = 0; path = insta.app; sourceTree = BUILT_PRODUCTS_DIR; };
		44F2E6B227204E1B00E43C80 /* AppDelegate.swift */ = {isa = PBXFileReference; lastKnownFileType = sourcecode.swift; path = AppDelegate.swift; sourceTree = "<group>"; };
		44F2E6B427204E1B00E43C80 /* SceneDelegate.swift */ = {isa = PBXFileReference; lastKnownFileType = sourcecode.swift; path = SceneDelegate.swift; sourceTree = "<group>"; };
		44F2E6B627204E1B00E43C80 /* HomeViewController.swift */ = {isa = PBXFileReference; lastKnownFileType = sourcecode.swift; path = HomeViewController.swift; sourceTree = "<group>"; };
		44F2E6B927204E1B00E43C80 /* Base */ = {isa = PBXFileReference; lastKnownFileType = file.storyboard; name = Base; path = Base.lproj/Main.storyboard; sourceTree = "<group>"; };
		44F2E6BB27204E1F00E43C80 /* Assets.xcassets */ = {isa = PBXFileReference; lastKnownFileType = folder.assetcatalog; path = Assets.xcassets; sourceTree = "<group>"; };
		44F2E6BE27204E1F00E43C80 /* Base */ = {isa = PBXFileReference; lastKnownFileType = file.storyboard; name = Base; path = Base.lproj/LaunchScreen.storyboard; sourceTree = "<group>"; };
		44F2E6C027204E1F00E43C80 /* Info.plist */ = {isa = PBXFileReference; lastKnownFileType = text.plist.xml; path = Info.plist; sourceTree = "<group>"; };
		44F2E6CB272053E400E43C80 /* ExploreViewController.swift */ = {isa = PBXFileReference; lastKnownFileType = sourcecode.swift; path = ExploreViewController.swift; sourceTree = "<group>"; };
		44F2E6CD272053F700E43C80 /* CameraViewController.swift */ = {isa = PBXFileReference; lastKnownFileType = sourcecode.swift; path = CameraViewController.swift; sourceTree = "<group>"; };
		44F2E6CF2720540600E43C80 /* NotificationViewController.swift */ = {isa = PBXFileReference; lastKnownFileType = sourcecode.swift; path = NotificationViewController.swift; sourceTree = "<group>"; };
		44F2E6D12720541000E43C80 /* ProfileViewController.swift */ = {isa = PBXFileReference; lastKnownFileType = sourcecode.swift; path = ProfileViewController.swift; sourceTree = "<group>"; };
		44F2E6D3272055C900E43C80 /* GoogleService-Info.plist */ = {isa = PBXFileReference; fileEncoding = 4; lastKnownFileType = text.plist.xml; path = "GoogleService-Info.plist"; sourceTree = "<group>"; };
		44F2E6D62720609500E43C80 /* LoginViewController.swift */ = {isa = PBXFileReference; lastKnownFileType = sourcecode.swift; path = LoginViewController.swift; sourceTree = "<group>"; };
		44F2E6D8272060B000E43C80 /* RegistrationViewController.swift */ = {isa = PBXFileReference; lastKnownFileType = sourcecode.swift; path = RegistrationViewController.swift; sourceTree = "<group>"; };
		44F2E6DB2720610200E43C80 /* EditProfileViewController.swift */ = {isa = PBXFileReference; lastKnownFileType = sourcecode.swift; path = EditProfileViewController.swift; sourceTree = "<group>"; };
		44F2E6DD2720610F00E43C80 /* ListViewController.swift */ = {isa = PBXFileReference; lastKnownFileType = sourcecode.swift; path = ListViewController.swift; sourceTree = "<group>"; };
		44F2E6DF2720612800E43C80 /* PostEditViewController.swift */ = {isa = PBXFileReference; lastKnownFileType = sourcecode.swift; path = PostEditViewController.swift; sourceTree = "<group>"; };
		44F2E6E12720614200E43C80 /* PostViewController.swift */ = {isa = PBXFileReference; lastKnownFileType = sourcecode.swift; path = PostViewController.swift; sourceTree = "<group>"; };
		44F2E6E32720617400E43C80 /* PublishedViewController.swift */ = {isa = PBXFileReference; lastKnownFileType = sourcecode.swift; path = PublishedViewController.swift; sourceTree = "<group>"; };
		44F2E6E52720618500E43C80 /* SearchResultViewController.swift */ = {isa = PBXFileReference; lastKnownFileType = sourcecode.swift; path = SearchResultViewController.swift; sourceTree = "<group>"; };
		44F2E6E72720619200E43C80 /* SearchViewController.swift */ = {isa = PBXFileReference; lastKnownFileType = sourcecode.swift; path = SearchViewController.swift; sourceTree = "<group>"; };
		44F2E6E92720619C00E43C80 /* SettingsViewController.swift */ = {isa = PBXFileReference; lastKnownFileType = sourcecode.swift; path = SettingsViewController.swift; sourceTree = "<group>"; };
		44F2E6F1272062AE00E43C80 /* DatabaseManager.swift */ = {isa = PBXFileReference; lastKnownFileType = sourcecode.swift; path = DatabaseManager.swift; sourceTree = "<group>"; };
		44F2E6F3272062BF00E43C80 /* StorageManager.swift */ = {isa = PBXFileReference; lastKnownFileType = sourcecode.swift; path = StorageManager.swift; sourceTree = "<group>"; };
		44F2E6F5272062CC00E43C80 /* AuthManager.swift */ = {isa = PBXFileReference; lastKnownFileType = sourcecode.swift; path = AuthManager.swift; sourceTree = "<group>"; };
		44F2E6F7272062D700E43C80 /* Extensions.swift */ = {isa = PBXFileReference; lastKnownFileType = sourcecode.swift; path = Extensions.swift; sourceTree = "<group>"; };
		44F2E6F92720AA3400E43C80 /* SettingViewController.swift */ = {isa = PBXFileReference; lastKnownFileType = sourcecode.swift; path = SettingViewController.swift; sourceTree = "<group>"; };
		666B1F2B1625371DB5C4213A /* Pods_insta.framework */ = {isa = PBXFileReference; explicitFileType = wrapper.framework; includeInIndex = 0; path = Pods_insta.framework; sourceTree = BUILT_PRODUCTS_DIR; };
		B51AD8E3F701C03906341F35 /* Pods-insta.debug.xcconfig */ = {isa = PBXFileReference; includeInIndex = 1; lastKnownFileType = text.xcconfig; name = "Pods-insta.debug.xcconfig"; path = "Target Support Files/Pods-insta/Pods-insta.debug.xcconfig"; sourceTree = "<group>"; };
		EDD120CD5F9BFEF91C5E01D6 /* Pods-insta.release.xcconfig */ = {isa = PBXFileReference; includeInIndex = 1; lastKnownFileType = text.xcconfig; name = "Pods-insta.release.xcconfig"; path = "Target Support Files/Pods-insta/Pods-insta.release.xcconfig"; sourceTree = "<group>"; };
/* End PBXFileReference section */

/* Begin PBXFrameworksBuildPhase section */
		44F2E6AC27204E1B00E43C80 /* Frameworks */ = {
			isa = PBXFrameworksBuildPhase;
			buildActionMask = 2147483647;
			files = (
				2CDFAFB1A76B54D8A2C94460 /* Pods_insta.framework in Frameworks */,
			);
			runOnlyForDeploymentPostprocessing = 0;
		};
/* End PBXFrameworksBuildPhase section */

/* Begin PBXGroup section */
		44A1EA4B2721EF840076EC1C /* Cells */ = {
			isa = PBXGroup;
			children = (
				44A1EA642724CA720076EC1C /* Notifications */,
				44A1EA4E272205420076EC1C /* Home Feed & Post */,
				44A1EA55272300640076EC1C /* FormTableViewCell.swift */,
				44A1EA5827230F990076EC1C /* PhotoCollectionViewCell.swift */,
				44A1EA6027247FA90076EC1C /* UserFollowTableViewCell.swift */,
			);
			path = Cells;
			sourceTree = "<group>";
		};
		44A1EA4E272205420076EC1C /* Home Feed & Post */ = {
			isa = PBXGroup;
			children = (
				44A1EA4C2721EFBF0076EC1C /* IGPostFeedTableViewCell.swift */,
				44A1EA51272205980076EC1C /* IGFeedPostActionsTableViewCell.swift */,
				44A1EA692731A7030076EC1C /* IGFeedPostHeaderTableViewCell.swift */,
				44A1EA53272205B20076EC1C /* IGFeedPostGeneralTableViewCell.swift */,
			);
			path = "Home Feed & Post";
			sourceTree = "<group>";
		};
		44A1EA5727230F470076EC1C /* CollectionView Headers */ = {
			isa = PBXGroup;
			children = (
				44A1EA5A272310000076EC1C /* ProfileInfoHeaderCollectionReusableView.swift */,
				44A1EA5C272310770076EC1C /* ProfileTabsCollectionReusableView.swift */,
			);
			path = "CollectionView Headers";
			sourceTree = "<group>";
		};
		44A1EA642724CA720076EC1C /* Notifications */ = {
			isa = PBXGroup;
			children = (
				44A1EA652724CB110076EC1C /* NotificationsFollowEventTableViewCell.swift */,
				44A1EA672724CB5F0076EC1C /* NotificationLikeEventTableViewCell.swift */,
			);
			path = Notifications;
			sourceTree = "<group>";
		};
		44F2E6A627204E1B00E43C80 = {
			isa = PBXGroup;
			children = (
				44F2E6B127204E1B00E43C80 /* insta */,
				44F2E6B027204E1B00E43C80 /* Products */,
				7548B6C86E52CC349C89DB57 /* Pods */,
				F756D23542144A8DB4B4F7CF /* Frameworks */,
			);
			sourceTree = "<group>";
		};
		44F2E6B027204E1B00E43C80 /* Products */ = {
			isa = PBXGroup;
			children = (
				44F2E6AF27204E1B00E43C80 /* insta.app */,
			);
			name = Products;
			sourceTree = "<group>";
		};
		44F2E6B127204E1B00E43C80 /* insta */ = {
			isa = PBXGroup;
			children = (
				44F2E6C827204E5200E43C80 /* Resources */,
				44F2E6EE2720624D00E43C80 /* Models */,
				44F2E6CA27204FEA00E43C80 /* Views */,
				44F2E6ED272061FB00E43C80 /* Controllers */,
				44F2E6C027204E1F00E43C80 /* Info.plist */,
			);
			path = insta;
			sourceTree = "<group>";
		};
		44F2E6C827204E5200E43C80 /* Resources */ = {
			isa = PBXGroup;
			children = (
				44F2E6B227204E1B00E43C80 /* AppDelegate.swift */,
				44F2E6B427204E1B00E43C80 /* SceneDelegate.swift */,
				44F2E6F1272062AE00E43C80 /* DatabaseManager.swift */,
				44F2E6F3272062BF00E43C80 /* StorageManager.swift */,
				44F2E6F5272062CC00E43C80 /* AuthManager.swift */,
				44F2E6F7272062D700E43C80 /* Extensions.swift */,
				44F2E6D3272055C900E43C80 /* GoogleService-Info.plist */,
			);
			path = Resources;
			sourceTree = "<group>";
		};
		44F2E6C927204FB300E43C80 /* Storyboards */ = {
			isa = PBXGroup;
			children = (
				44F2E6B827204E1B00E43C80 /* Main.storyboard */,
				44F2E6BD27204E1F00E43C80 /* LaunchScreen.storyboard */,
			);
			path = Storyboards;
			sourceTree = "<group>";
		};
		44F2E6CA27204FEA00E43C80 /* Views */ = {
			isa = PBXGroup;
			children = (
				44A1EA5727230F470076EC1C /* CollectionView Headers */,
				44A1EA4B2721EF840076EC1C /* Cells */,
				44F2E6BB27204E1F00E43C80 /* Assets.xcassets */,
				44F2E6C927204FB300E43C80 /* Storyboards */,
				44A1EA622724C1710076EC1C /* NotificationsView.swift */,
			);
			path = Views;
			sourceTree = "<group>";
		};
		44F2E6D52720604C00E43C80 /* Core Tabs */ = {
			isa = PBXGroup;
			children = (
				44F2E6B627204E1B00E43C80 /* HomeViewController.swift */,
				44F2E6CB272053E400E43C80 /* ExploreViewController.swift */,
				44F2E6CD272053F700E43C80 /* CameraViewController.swift */,
				44F2E6CF2720540600E43C80 /* NotificationViewController.swift */,
				44F2E6D12720541000E43C80 /* ProfileViewController.swift */,
			);
			path = "Core Tabs";
			sourceTree = "<group>";
		};
		44F2E6DA272060C600E43C80 /* Onboarding */ = {
			isa = PBXGroup;
			children = (
				44F2E6D62720609500E43C80 /* LoginViewController.swift */,
				44F2E6D8272060B000E43C80 /* RegistrationViewController.swift */,
			);
			path = Onboarding;
			sourceTree = "<group>";
		};
		44F2E6EB272061B500E43C80 /* General */ = {
			isa = PBXGroup;
			children = (
				44F2E6DB2720610200E43C80 /* EditProfileViewController.swift */,
				44F2E6DD2720610F00E43C80 /* ListViewController.swift */,
				44F2E6DF2720612800E43C80 /* PostEditViewController.swift */,
				44F2E6E12720614200E43C80 /* PostViewController.swift */,
				44F2E6E32720617400E43C80 /* PublishedViewController.swift */,
				44F2E6E52720618500E43C80 /* SearchResultViewController.swift */,
				44F2E6E72720619200E43C80 /* SearchViewController.swift */,
				44F2E6E92720619C00E43C80 /* SettingsViewController.swift */,
				44F2E6F92720AA3400E43C80 /* SettingViewController.swift */,
			);
			path = General;
			sourceTree = "<group>";
		};
		44F2E6EC272061DD00E43C80 /* Others */ = {
			isa = PBXGroup;
			children = (
				44F2E6DA272060C600E43C80 /* Onboarding */,
				44F2E6EB272061B500E43C80 /* General */,
			);
			path = Others;
			sourceTree = "<group>";
		};
		44F2E6ED272061FB00E43C80 /* Controllers */ = {
			isa = PBXGroup;
			children = (
				44F2E6EC272061DD00E43C80 /* Others */,
				44F2E6D52720604C00E43C80 /* Core Tabs */,
			);
			path = Controllers;
			sourceTree = "<group>";
		};
		44F2E6EE2720624D00E43C80 /* Models */ = {
			isa = PBXGroup;
			children = (
				44A1EA5E27234E650076EC1C /* Models.swift */,
			);
			path = Models;
			sourceTree = "<group>";
		};
		7548B6C86E52CC349C89DB57 /* Pods */ = {
			isa = PBXGroup;
			children = (
				B51AD8E3F701C03906341F35 /* Pods-insta.debug.xcconfig */,
				EDD120CD5F9BFEF91C5E01D6 /* Pods-insta.release.xcconfig */,
			);
			path = Pods;
			sourceTree = "<group>";
		};
		F756D23542144A8DB4B4F7CF /* Frameworks */ = {
			isa = PBXGroup;
			children = (
				666B1F2B1625371DB5C4213A /* Pods_insta.framework */,
			);
			name = Frameworks;
			sourceTree = "<group>";
		};
/* End PBXGroup section */

/* Begin PBXNativeTarget section */
		44F2E6AE27204E1B00E43C80 /* insta */ = {
			isa = PBXNativeTarget;
			buildConfigurationList = 44F2E6C327204E1F00E43C80 /* Build configuration list for PBXNativeTarget "insta" */;
			buildPhases = (
				BC16D7AEF38536D2E82828A3 /* [CP] Check Pods Manifest.lock */,
				44F2E6AB27204E1B00E43C80 /* Sources */,
				44F2E6AC27204E1B00E43C80 /* Frameworks */,
				44F2E6AD27204E1B00E43C80 /* Resources */,
				6D9A39D49D4544AE110BD2EA /* [CP] Embed Pods Frameworks */,
			);
			buildRules = (
			);
			dependencies = (
			);
			name = insta;
			productName = insta;
			productReference = 44F2E6AF27204E1B00E43C80 /* insta.app */;
			productType = "com.apple.product-type.application";
		};
/* End PBXNativeTarget section */

/* Begin PBXProject section */
		44F2E6A727204E1B00E43C80 /* Project object */ = {
			isa = PBXProject;
			attributes = {
				BuildIndependentTargetsInParallel = 1;
				LastSwiftUpdateCheck = 1300;
				LastUpgradeCheck = 1300;
				TargetAttributes = {
					44F2E6AE27204E1B00E43C80 = {
						CreatedOnToolsVersion = 13.0;
					};
				};
			};
			buildConfigurationList = 44F2E6AA27204E1B00E43C80 /* Build configuration list for PBXProject "insta" */;
			compatibilityVersion = "Xcode 13.0";
			developmentRegion = en;
			hasScannedForEncodings = 0;
			knownRegions = (
				en,
				Base,
			);
			mainGroup = 44F2E6A627204E1B00E43C80;
			productRefGroup = 44F2E6B027204E1B00E43C80 /* Products */;
			projectDirPath = "";
			projectRoot = "";
			targets = (
				44F2E6AE27204E1B00E43C80 /* insta */,
			);
		};
/* End PBXProject section */

/* Begin PBXResourcesBuildPhase section */
		44F2E6AD27204E1B00E43C80 /* Resources */ = {
			isa = PBXResourcesBuildPhase;
			buildActionMask = 2147483647;
			files = (
				44F2E6BF27204E1F00E43C80 /* LaunchScreen.storyboard in Resources */,
				44F2E6D4272055C900E43C80 /* GoogleService-Info.plist in Resources */,
				44F2E6BC27204E1F00E43C80 /* Assets.xcassets in Resources */,
				44F2E6BA27204E1B00E43C80 /* Main.storyboard in Resources */,
			);
			runOnlyForDeploymentPostprocessing = 0;
		};
/* End PBXResourcesBuildPhase section */

/* Begin PBXShellScriptBuildPhase section */
		6D9A39D49D4544AE110BD2EA /* [CP] Embed Pods Frameworks */ = {
			isa = PBXShellScriptBuildPhase;
			buildActionMask = 2147483647;
			files = (
			);
			inputFileListPaths = (
				"${PODS_ROOT}/Target Support Files/Pods-insta/Pods-insta-frameworks-${CONFIGURATION}-input-files.xcfilelist",
			);
			name = "[CP] Embed Pods Frameworks";
			outputFileListPaths = (
				"${PODS_ROOT}/Target Support Files/Pods-insta/Pods-insta-frameworks-${CONFIGURATION}-output-files.xcfilelist",
			);
			runOnlyForDeploymentPostprocessing = 0;
			shellPath = /bin/sh;
			shellScript = "\"${PODS_ROOT}/Target Support Files/Pods-insta/Pods-insta-frameworks.sh\"\n";
			showEnvVarsInLog = 0;
		};
		BC16D7AEF38536D2E82828A3 /* [CP] Check Pods Manifest.lock */ = {
			isa = PBXShellScriptBuildPhase;
			buildActionMask = 2147483647;
			files = (
			);
			inputFileListPaths = (
			);
			inputPaths = (
				"${PODS_PODFILE_DIR_PATH}/Podfile.lock",
				"${PODS_ROOT}/Manifest.lock",
			);
			name = "[CP] Check Pods Manifest.lock";
			outputFileListPaths = (
			);
			outputPaths = (
				"$(DERIVED_FILE_DIR)/Pods-insta-checkManifestLockResult.txt",
			);
			runOnlyForDeploymentPostprocessing = 0;
			shellPath = /bin/sh;
			shellScript = "diff \"${PODS_PODFILE_DIR_PATH}/Podfile.lock\" \"${PODS_ROOT}/Manifest.lock\" > /dev/null\nif [ $? != 0 ] ; then\n    # print error to STDERR\n    echo \"error: The sandbox is not in sync with the Podfile.lock. Run 'pod install' or update your CocoaPods installation.\" >&2\n    exit 1\nfi\n# This output is used by Xcode 'outputs' to avoid re-running this script phase.\necho \"SUCCESS\" > \"${SCRIPT_OUTPUT_FILE_0}\"\n";
			showEnvVarsInLog = 0;
		};
/* End PBXShellScriptBuildPhase section */

/* Begin PBXSourcesBuildPhase section */
		44F2E6AB27204E1B00E43C80 /* Sources */ = {
			isa = PBXSourcesBuildPhase;
			buildActionMask = 2147483647;
			files = (
				44F2E6CC272053E400E43C80 /* ExploreViewController.swift in Sources */,
				44F2E6FA2720AA3500E43C80 /* SettingViewController.swift in Sources */,
				44A1EA662724CB110076EC1C /* NotificationsFollowEventTableViewCell.swift in Sources */,
				44F2E6CE272053F700E43C80 /* CameraViewController.swift in Sources */,
				44F2E6E02720612800E43C80 /* PostEditViewController.swift in Sources */,
				44F2E6E22720614200E43C80 /* PostViewController.swift in Sources */,
				44F2E6D02720540600E43C80 /* NotificationViewController.swift in Sources */,
				44F2E6D9272060B000E43C80 /* RegistrationViewController.swift in Sources */,
				44A1EA54272205B20076EC1C /* IGFeedPostGeneralTableViewCell.swift in Sources */,
				44F2E6B727204E1B00E43C80 /* HomeViewController.swift in Sources */,
				44A1EA56272300640076EC1C /* FormTableViewCell.swift in Sources */,
				44A1EA4D2721EFBF0076EC1C /* IGPostFeedTableViewCell.swift in Sources */,
				44F2E6E62720618500E43C80 /* SearchResultViewController.swift in Sources */,
				44A1EA682724CB5F0076EC1C /* NotificationLikeEventTableViewCell.swift in Sources */,
				44A1EA6A2731A7030076EC1C /* IGFeedPostHeaderTableViewCell.swift in Sources */,
				44A1EA6127247FA90076EC1C /* UserFollowTableViewCell.swift in Sources */,
				44A1EA632724C1710076EC1C /* NotificationsView.swift in Sources */,
				44F2E6F2272062AE00E43C80 /* DatabaseManager.swift in Sources */,
				44F2E6F6272062CC00E43C80 /* AuthManager.swift in Sources */,
				44A1EA5B272310000076EC1C /* ProfileInfoHeaderCollectionReusableView.swift in Sources */,
				44F2E6F4272062BF00E43C80 /* StorageManager.swift in Sources */,
				44F2E6DE2720610F00E43C80 /* ListViewController.swift in Sources */,
				44F2E6D72720609500E43C80 /* LoginViewController.swift in Sources */,
				44A1EA5D272310770076EC1C /* ProfileTabsCollectionReusableView.swift in Sources */,
				44F2E6F8272062D700E43C80 /* Extensions.swift in Sources */,
				44F2E6E82720619200E43C80 /* SearchViewController.swift in Sources */,
				44F2E6E42720617400E43C80 /* PublishedViewController.swift in Sources */,
				44F2E6EA2720619C00E43C80 /* SettingsViewController.swift in Sources */,
				44A1EA5F27234E650076EC1C /* Models.swift in Sources */,
				44F2E6D22720541000E43C80 /* ProfileViewController.swift in Sources */,
				44F2E6B327204E1B00E43C80 /* AppDelegate.swift in Sources */,
				44A1EA52272205980076EC1C /* IGFeedPostActionsTableViewCell.swift in Sources */,
				44A1EA5927230F990076EC1C /* PhotoCollectionViewCell.swift in Sources */,
				44F2E6DC2720610200E43C80 /* EditProfileViewController.swift in Sources */,
				44F2E6B527204E1B00E43C80 /* SceneDelegate.swift in Sources */,
			);
			runOnlyForDeploymentPostprocessing = 0;
		};
/* End PBXSourcesBuildPhase section */

/* Begin PBXVariantGroup section */
		44F2E6B827204E1B00E43C80 /* Main.storyboard */ = {
			isa = PBXVariantGroup;
			children = (
				44F2E6B927204E1B00E43C80 /* Base */,
			);
			name = Main.storyboard;
			sourceTree = "<group>";
		};
		44F2E6BD27204E1F00E43C80 /* LaunchScreen.storyboard */ = {
			isa = PBXVariantGroup;
			children = (
				44F2E6BE27204E1F00E43C80 /* Base */,
			);
			name = LaunchScreen.storyboard;
			sourceTree = "<group>";
		};
/* End PBXVariantGroup section */

/* Begin XCBuildConfiguration section */
		44F2E6C127204E1F00E43C80 /* Debug */ = {
			isa = XCBuildConfiguration;
			buildSettings = {
				ALWAYS_SEARCH_USER_PATHS = NO;
				CLANG_ANALYZER_NONNULL = YES;
				CLANG_ANALYZER_NUMBER_OBJECT_CONVERSION = YES_AGGRESSIVE;
				CLANG_CXX_LANGUAGE_STANDARD = "gnu++17";
				CLANG_CXX_LIBRARY = "libc++";
				CLANG_ENABLE_MODULES = YES;
				CLANG_ENABLE_OBJC_ARC = YES;
				CLANG_ENABLE_OBJC_WEAK = YES;
				CLANG_WARN_BLOCK_CAPTURE_AUTORELEASING = YES;
				CLANG_WARN_BOOL_CONVERSION = YES;
				CLANG_WARN_COMMA = YES;
				CLANG_WARN_CONSTANT_CONVERSION = YES;
				CLANG_WARN_DEPRECATED_OBJC_IMPLEMENTATIONS = YES;
				CLANG_WARN_DIRECT_OBJC_ISA_USAGE = YES_ERROR;
				CLANG_WARN_DOCUMENTATION_COMMENTS = YES;
				CLANG_WARN_EMPTY_BODY = YES;
				CLANG_WARN_ENUM_CONVERSION = YES;
				CLANG_WARN_INFINITE_RECURSION = YES;
				CLANG_WARN_INT_CONVERSION = YES;
				CLANG_WARN_NON_LITERAL_NULL_CONVERSION = YES;
				CLANG_WARN_OBJC_IMPLICIT_RETAIN_SELF = YES;
				CLANG_WARN_OBJC_LITERAL_CONVERSION = YES;
				CLANG_WARN_OBJC_ROOT_CLASS = YES_ERROR;
				CLANG_WARN_QUOTED_INCLUDE_IN_FRAMEWORK_HEADER = YES;
				CLANG_WARN_RANGE_LOOP_ANALYSIS = YES;
				CLANG_WARN_STRICT_PROTOTYPES = YES;
				CLANG_WARN_SUSPICIOUS_MOVE = YES;
				CLANG_WARN_UNGUARDED_AVAILABILITY = YES_AGGRESSIVE;
				CLANG_WARN_UNREACHABLE_CODE = YES;
				CLANG_WARN__DUPLICATE_METHOD_MATCH = YES;
				COPY_PHASE_STRIP = NO;
				DEBUG_INFORMATION_FORMAT = dwarf;
				ENABLE_STRICT_OBJC_MSGSEND = YES;
				ENABLE_TESTABILITY = YES;
				GCC_C_LANGUAGE_STANDARD = gnu11;
				GCC_DYNAMIC_NO_PIC = NO;
				GCC_NO_COMMON_BLOCKS = YES;
				GCC_OPTIMIZATION_LEVEL = 0;
				GCC_PREPROCESSOR_DEFINITIONS = (
					"DEBUG=1",
					"$(inherited)",
				);
				GCC_WARN_64_TO_32_BIT_CONVERSION = YES;
				GCC_WARN_ABOUT_RETURN_TYPE = YES_ERROR;
				GCC_WARN_UNDECLARED_SELECTOR = YES;
				GCC_WARN_UNINITIALIZED_AUTOS = YES_AGGRESSIVE;
				GCC_WARN_UNUSED_FUNCTION = YES;
				GCC_WARN_UNUSED_VARIABLE = YES;
				IPHONEOS_DEPLOYMENT_TARGET = 15.0;
				MTL_ENABLE_DEBUG_INFO = INCLUDE_SOURCE;
				MTL_FAST_MATH = YES;
				ONLY_ACTIVE_ARCH = YES;
				SDKROOT = iphoneos;
				SWIFT_ACTIVE_COMPILATION_CONDITIONS = DEBUG;
				SWIFT_OPTIMIZATION_LEVEL = "-Onone";
			};
			name = Debug;
		};
		44F2E6C227204E1F00E43C80 /* Release */ = {
			isa = XCBuildConfiguration;
			buildSettings = {
				ALWAYS_SEARCH_USER_PATHS = NO;
				CLANG_ANALYZER_NONNULL = YES;
				CLANG_ANALYZER_NUMBER_OBJECT_CONVERSION = YES_AGGRESSIVE;
				CLANG_CXX_LANGUAGE_STANDARD = "gnu++17";
				CLANG_CXX_LIBRARY = "libc++";
				CLANG_ENABLE_MODULES = YES;
				CLANG_ENABLE_OBJC_ARC = YES;
				CLANG_ENABLE_OBJC_WEAK = YES;
				CLANG_WARN_BLOCK_CAPTURE_AUTORELEASING = YES;
				CLANG_WARN_BOOL_CONVERSION = YES;
				CLANG_WARN_COMMA = YES;
				CLANG_WARN_CONSTANT_CONVERSION = YES;
				CLANG_WARN_DEPRECATED_OBJC_IMPLEMENTATIONS = YES;
				CLANG_WARN_DIRECT_OBJC_ISA_USAGE = YES_ERROR;
				CLANG_WARN_DOCUMENTATION_COMMENTS = YES;
				CLANG_WARN_EMPTY_BODY = YES;
				CLANG_WARN_ENUM_CONVERSION = YES;
				CLANG_WARN_INFINITE_RECURSION = YES;
				CLANG_WARN_INT_CONVERSION = YES;
				CLANG_WARN_NON_LITERAL_NULL_CONVERSION = YES;
				CLANG_WARN_OBJC_IMPLICIT_RETAIN_SELF = YES;
				CLANG_WARN_OBJC_LITERAL_CONVERSION = YES;
				CLANG_WARN_OBJC_ROOT_CLASS = YES_ERROR;
				CLANG_WARN_QUOTED_INCLUDE_IN_FRAMEWORK_HEADER = YES;
				CLANG_WARN_RANGE_LOOP_ANALYSIS = YES;
				CLANG_WARN_STRICT_PROTOTYPES = YES;
				CLANG_WARN_SUSPICIOUS_MOVE = YES;
				CLANG_WARN_UNGUARDED_AVAILABILITY = YES_AGGRESSIVE;
				CLANG_WARN_UNREACHABLE_CODE = YES;
				CLANG_WARN__DUPLICATE_METHOD_MATCH = YES;
				COPY_PHASE_STRIP = NO;
				DEBUG_INFORMATION_FORMAT = "dwarf-with-dsym";
				ENABLE_NS_ASSERTIONS = NO;
				ENABLE_STRICT_OBJC_MSGSEND = YES;
				GCC_C_LANGUAGE_STANDARD = gnu11;
				GCC_NO_COMMON_BLOCKS = YES;
				GCC_WARN_64_TO_32_BIT_CONVERSION = YES;
				GCC_WARN_ABOUT_RETURN_TYPE = YES_ERROR;
				GCC_WARN_UNDECLARED_SELECTOR = YES;
				GCC_WARN_UNINITIALIZED_AUTOS = YES_AGGRESSIVE;
				GCC_WARN_UNUSED_FUNCTION = YES;
				GCC_WARN_UNUSED_VARIABLE = YES;
				IPHONEOS_DEPLOYMENT_TARGET = 15.0;
				MTL_ENABLE_DEBUG_INFO = NO;
				MTL_FAST_MATH = YES;
				SDKROOT = iphoneos;
				SWIFT_COMPILATION_MODE = wholemodule;
				SWIFT_OPTIMIZATION_LEVEL = "-O";
				VALIDATE_PRODUCT = YES;
			};
			name = Release;
		};
		44F2E6C427204E1F00E43C80 /* Debug */ = {
			isa = XCBuildConfiguration;
			baseConfigurationReference = B51AD8E3F701C03906341F35 /* Pods-insta.debug.xcconfig */;
			buildSettings = {
				ASSETCATALOG_COMPILER_APPICON_NAME = AppIcon;
				ASSETCATALOG_COMPILER_GLOBAL_ACCENT_COLOR_NAME = AccentColor;
				CODE_SIGN_STYLE = Automatic;
				CURRENT_PROJECT_VERSION = 1;
				GENERATE_INFOPLIST_FILE = YES;
				INFOPLIST_FILE = insta/Info.plist;
				INFOPLIST_KEY_UIApplicationSupportsIndirectInputEvents = YES;
				INFOPLIST_KEY_UILaunchStoryboardName = LaunchScreen;
				INFOPLIST_KEY_UIMainStoryboardFile = Main;
				INFOPLIST_KEY_UISupportedInterfaceOrientations_iPad = "UIInterfaceOrientationPortrait UIInterfaceOrientationPortraitUpsideDown UIInterfaceOrientationLandscapeLeft UIInterfaceOrientationLandscapeRight";
				INFOPLIST_KEY_UISupportedInterfaceOrientations_iPhone = "UIInterfaceOrientationPortrait UIInterfaceOrientationLandscapeLeft UIInterfaceOrientationLandscapeRight";
				LD_RUNPATH_SEARCH_PATHS = (
					"$(inherited)",
					"@executable_path/Frameworks",
				);
				MARKETING_VERSION = 1.0;
				PRODUCT_BUNDLE_IDENTIFIER = jaha.insta;
				PRODUCT_NAME = "$(TARGET_NAME)";
				SWIFT_EMIT_LOC_STRINGS = YES;
				SWIFT_VERSION = 5.0;
				TARGETED_DEVICE_FAMILY = "1,2";
			};
			name = Debug;
		};
		44F2E6C527204E1F00E43C80 /* Release */ = {
			isa = XCBuildConfiguration;
			baseConfigurationReference = EDD120CD5F9BFEF91C5E01D6 /* Pods-insta.release.xcconfig */;
			buildSettings = {
				ASSETCATALOG_COMPILER_APPICON_NAME = AppIcon;
				ASSETCATALOG_COMPILER_GLOBAL_ACCENT_COLOR_NAME = AccentColor;
				CODE_SIGN_STYLE = Automatic;
				CURRENT_PROJECT_VERSION = 1;
				GENERATE_INFOPLIST_FILE = YES;
				INFOPLIST_FILE = insta/Info.plist;
				INFOPLIST_KEY_UIApplicationSupportsIndirectInputEvents = YES;
				INFOPLIST_KEY_UILaunchStoryboardName = LaunchScreen;
				INFOPLIST_KEY_UIMainStoryboardFile = Main;
				INFOPLIST_KEY_UISupportedInterfaceOrientations_iPad = "UIInterfaceOrientationPortrait UIInterfaceOrientationPortraitUpsideDown UIInterfaceOrientationLandscapeLeft UIInterfaceOrientationLandscapeRight";
				INFOPLIST_KEY_UISupportedInterfaceOrientations_iPhone = "UIInterfaceOrientationPortrait UIInterfaceOrientationLandscapeLeft UIInterfaceOrientationLandscapeRight";
				LD_RUNPATH_SEARCH_PATHS = (
					"$(inherited)",
					"@executable_path/Frameworks",
				);
				MARKETING_VERSION = 1.0;
				PRODUCT_BUNDLE_IDENTIFIER = jaha.insta;
				PRODUCT_NAME = "$(TARGET_NAME)";
				SWIFT_EMIT_LOC_STRINGS = YES;
				SWIFT_VERSION = 5.0;
				TARGETED_DEVICE_FAMILY = "1,2";
			};
			name = Release;
		};
/* End XCBuildConfiguration section */

/* Begin XCConfigurationList section */
		44F2E6AA27204E1B00E43C80 /* Build configuration list for PBXProject "insta" */ = {
			isa = XCConfigurationList;
			buildConfigurations = (
				44F2E6C127204E1F00E43C80 /* Debug */,
				44F2E6C227204E1F00E43C80 /* Release */,
			);
			defaultConfigurationIsVisible = 0;
			defaultConfigurationName = Release;
		};
		44F2E6C327204E1F00E43C80 /* Build configuration list for PBXNativeTarget "insta" */ = {
			isa = XCConfigurationList;
			buildConfigurations = (
				44F2E6C427204E1F00E43C80 /* Debug */,
				44F2E6C527204E1F00E43C80 /* Release */,
			);
			defaultConfigurationIsVisible = 0;
			defaultConfigurationName = Release;
		};
/* End XCConfigurationList section */
	};
	rootObject = 44F2E6A727204E1B00E43C80 /* Project object */;
}
